
Microsoft Visual Studio Solution File, Format Version 12.00
# Visual Studio Version 16
VisualStudioVersion = 16.0.30204.135
MinimumVisualStudioVersion = 10.0.40219.1
Project("{FAE04EC0-301F-11D3-BF4B-00C04F79EFBC}") = "AOC8", "AOC8\AOC8.csproj", "{806BFB34-CD21-42BE-83FD-5B65A68BC109}"
EndProject
Global
	GlobalSection(SolutionConfigurationPlatforms) = preSolution
		Debug|Any CPU = Debug|Any CPU
		Release|Any CPU = Release|Any CPU
	EndGlobalSection
	GlobalSection(ProjectConfigurationPlatforms) = postSolution
		{806BFB34-CD21-42BE-83FD-5B65A68BC109}.Debug|Any CPU.ActiveCfg = Debug|Any CPU
		{806BFB34-CD21-42BE-83FD-5B65A68BC109}.Debug|Any CPU.Build.0 = Debug|Any CPU
		{806BFB34-CD21-42BE-83FD-5B65A68BC109}.Release|Any CPU.ActiveCfg = Release|Any CPU
		{806BFB34-CD21-42BE-83FD-5B65A68BC109}.Release|Any CPU.Build.0 = Release|Any CPU
	EndGlobalSection
	GlobalSection(SolutionProperties) = preSolution
		HideSolutionNode = FALSE
	EndGlobalSection
	GlobalSection(ExtensibilityGlobals) = postSolution
		SolutionGuid = {91DCD8D9-62B6-4865-A6A5-1B47CECD5EC4}
	EndGlobalSection
EndGlobal
